{
  "name": "invoice-web-app",
  "lockfileVersion": 3,
  "requires": true,
  "packages": {
    "": {
      "dependencies": {
        "inversify": "^6.0.2",
        "reflect-metadata": "^0.2.1"
      },
      "devDependencies": {
        "@types/inversify": "^2.0.33"
      }
    },
    "node_modules/@types/inversify": {
      "version": "2.0.33",
      "resolved": "https://registry.npmjs.org/@types/inversify/-/inversify-2.0.33.tgz",
      "integrity": "sha512-WAue6NmBkfjjdGKaGSSTZY9HeSao2xL5rEd3UgGtb5lWaAqe/GmrpCxsAoGvepx2Cg932QfqukJfrmH1uN4Ptw==",
      "deprecated": "This is a stub types definition for inversify (http://inversify.io). inversify provides its own type definitions, so you don't need @types/inversify installed!",
      "dev": true,
      "dependencies": {
        "inversify": "*"
      }
    },
    "node_modules/inversify": {
      "version": "6.0.2",
      "resolved": "https://registry.npmjs.org/inversify/-/inversify-6.0.2.tgz",
      "integrity": "sha512-i9m8j/7YIv4mDuYXUAcrpKPSaju/CIly9AHK5jvCBeoiM/2KEsuCQTTP+rzSWWpLYWRukdXFSl6ZTk2/uumbiA=="
    },
    "node_modules/reflect-metadata": {
      "version": "0.2.1",
      "resolved": "https://registry.npmjs.org/reflect-metadata/-/reflect-metadata-0.2.1.tgz",
      "integrity": "sha512-i5lLI6iw9AU3Uu4szRNPPEkomnkjRTaVt9hy/bn5g/oSzekBSMeLZblcjP74AW0vBabqERLLIrz+gR8QYR54Tw=="
    }
  }
}
